
Microsoft Visual Studio Solution File, Format Version 12.00
# Visual Studio 15
VisualStudioVersion = 15.0.27004.2009
MinimumVisualStudioVersion = 10.0.40219.1
Project("{FAE04EC0-301F-11D3-BF4B-00C04F79EFBC}") = "1) SpellCheck (LinkedList)", "SpellCheck\1) SpellCheck (LinkedList).csproj", "{0FDCF6B4-8D19-4585-B637-074224B51119}"
EndProject
Project("{FAE04EC0-301F-11D3-BF4B-00C04F79EFBC}") = "2) ProblemInheritance", "ProblemInheritance\2) ProblemInheritance.csproj", "{B4A928A1-F665-473F-B937-0D3DE24F7A02}"
EndProject
Project("{FAE04EC0-301F-11D3-BF4B-00C04F79EFBC}") = "3) TypeSafety", "TypeSafety\3) TypeSafety.csproj", "{AAED7714-ED96-4B21-97BD-698BE72AAF51}"
EndProject
Project("{2150E333-8FDC-42A3-9474-1A3956D46DE8}") = "2.2 List", "2.2 List", "{0DB106A1-DE84-4204-B2A3-F5DF69FC065E}"
EndProject
Project("{FAE04EC0-301F-11D3-BF4B-00C04F79EFBC}") = "4) DoublyLinkedList", "DoublyLinkedList\4) DoublyLinkedList.csproj", "{23D32EFF-C881-47E7-A4B3-C44CF4E0D86F}"
EndProject
Project("{FAE04EC0-301F-11D3-BF4B-00C04F79EFBC}") = "5) ArrayList", "ArrayList\5) ArrayList.csproj", "{EA247159-5E29-4169-B5B3-08049337FE35}"
EndProject
Project("{FAE04EC0-301F-11D3-BF4B-00C04F79EFBC}") = "6) ProfileMethods", "ProfileMethods\6) ProfileMethods.csproj", "{70FC2CCB-A0F6-4197-A914-98E1280C6FE2}"
EndProject
Project("{2150E333-8FDC-42A3-9474-1A3956D46DE8}") = "2.3 Stack", "2.3 Stack", "{7C8D3700-4A72-4822-88EF-EDFFF8C00AC7}"
EndProject
Project("{FAE04EC0-301F-11D3-BF4B-00C04F79EFBC}") = "1) Stack", "Stack\1) Stack.csproj", "{575DC8F1-AFB9-4085-92F5-B45884A9206B}"
EndProject
Project("{FAE04EC0-301F-11D3-BF4B-00C04F79EFBC}") = "7) VisualStudioProfiler", "VisualStudioProfiler\7) VisualStudioProfiler.csproj", "{1E2566BC-F1A9-4D9B-977D-1D411352DDC1}"
EndProject
Project("{FAE04EC0-301F-11D3-BF4B-00C04F79EFBC}") = "2) PostScriptViewer", "PostScriptViewer\2) PostScriptViewer.csproj", "{7FA70B6D-B97B-4B8A-B914-B123E5E88BA9}"
EndProject
Project("{FAE04EC0-301F-11D3-BF4B-00C04F79EFBC}") = "3) Paint", "Paint\3) Paint.csproj", "{A8785349-B1B9-43FB-9703-8A8B816CABB5}"
EndProject
Project("{2150E333-8FDC-42A3-9474-1A3956D46DE8}") = "2.4 Queue", "2.4 Queue", "{64EF6E43-BEFE-4570-82E0-0C00EB29EE2D}"
EndProject
Project("{FAE04EC0-301F-11D3-BF4B-00C04F79EFBC}") = "2) WebServer", "HttpServer\2) WebServer.csproj", "{3C2042D6-22FC-449A-BD68-2612FE7620EB}"
EndProject
Project("{FAE04EC0-301F-11D3-BF4B-00C04F79EFBC}") = "1) Queue", "Queue\1) Queue.csproj", "{05D7C11A-A013-4CB3-9A23-ECF67D48086C}"
EndProject
Project("{2150E333-8FDC-42A3-9474-1A3956D46DE8}") = "2.5 Hashtabellen", "2.5 Hashtabellen", "{DCEB028C-9273-46CE-8EBB-BD46F4CF4717}"
EndProject
Project("{FAE04EC0-301F-11D3-BF4B-00C04F79EFBC}") = "1) HashtableLinearProbing", "HashtableLinearProbing\1) HashtableLinearProbing.csproj", "{9F462D96-37FC-4E6F-B7A8-09011A9F5BB5}"
EndProject
Project("{FAE04EC0-301F-11D3-BF4B-00C04F79EFBC}") = "2) HashtableDoubleHashing", "HashtableDoubleHashing\2) HashtableDoubleHashing.csproj", "{7DBCC758-3150-4D19-BAB5-A7F79779D795}"
EndProject
Project("{FAE04EC0-301F-11D3-BF4B-00C04F79EFBC}") = "3) Hashtable", "Hashtable\3) Hashtable.csproj", "{0C0A4EA5-935D-4FE9-AAB3-3BC47570ED18}"
EndProject
Project("{2150E333-8FDC-42A3-9474-1A3956D46DE8}") = "2.6 Binary Tree", "2.6 Binary Tree", "{FD8011EA-D7F7-4710-87BC-5891A52DCE38}"
EndProject
Project("{FAE04EC0-301F-11D3-BF4B-00C04F79EFBC}") = "1) BinaryTree", "BinaryTree\1) BinaryTree.csproj", "{0D89E7B9-F60C-4AE5-8F17-FE1C5FA0D1C1}"
EndProject
Project("{FAE04EC0-301F-11D3-BF4B-00C04F79EFBC}") = "3) Aufgabe 2, 3 - SpellCheckBinaryTree", "SpellCheckBinaryTree\3) Aufgabe 2, 3 - SpellCheckBinaryTree.csproj", "{83C6C6C5-3E78-4790-87C2-2D38A5AAE13C}"
EndProject
Project("{2150E333-8FDC-42A3-9474-1A3956D46DE8}") = "2 Datenstrukturen", "2 Datenstrukturen", "{0BC0AA87-D31C-44A3-A6A7-E71F12CB277E}"
EndProject
Project("{2150E333-8FDC-42A3-9474-1A3956D46DE8}") = "3 Algorithmen", "3 Algorithmen", "{DE2BAD4E-DAED-4B99-839F-9E876CB091C6}"
EndProject
Project("{2150E333-8FDC-42A3-9474-1A3956D46DE8}") = "3.1 Binäre Suche", "3.1 Binäre Suche", "{96E50C12-9E32-410D-9424-5BD02A662DE6}"
EndProject
Project("{FAE04EC0-301F-11D3-BF4B-00C04F79EFBC}") = "1) BinarySearch", "BinarySearch\1) BinarySearch.csproj", "{805D177C-4714-4A5E-8ACB-43B95D306EE2}"
EndProject
Project("{FAE04EC0-301F-11D3-BF4B-00C04F79EFBC}") = "2) SpellCheckBinarySearch", "SpellCheckBinarySearch\2) SpellCheckBinarySearch.csproj", "{C99E2FAA-D5B8-4F30-B9BA-36C5DE4424B5}"
EndProject
Project("{2150E333-8FDC-42A3-9474-1A3956D46DE8}") = "3.2 Sortieren", "3.2 Sortieren", "{64391E6F-65BC-4A65-93B9-2F0B381BEEA7}"
EndProject
Project("{FAE04EC0-301F-11D3-BF4B-00C04F79EFBC}") = "1) Sort", "Sort\1) Sort.csproj", "{BC65AFCB-3806-45A6-9A10-88DB80D833A1}"
EndProject
Project("{FAE04EC0-301F-11D3-BF4B-00C04F79EFBC}") = "2) MergeSortParallel", "MergeSortParallel\2) MergeSortParallel.csproj", "{F5C01AEF-A4CC-417F-9B8C-3992DCB96B7C}"
EndProject
Project("{FAE04EC0-301F-11D3-BF4B-00C04F79EFBC}") = "Aufgaben_Stack", "CalculateExpressions\Aufgaben_Stack.csproj", "{633276BB-7C15-4FEF-A78B-2BAB7136F33A}"
EndProject
Project("{FAE04EC0-301F-11D3-BF4B-00C04F79EFBC}") = "4) OneRClassifier", "OneRClassifier\4) OneRClassifier.csproj", "{7BF4675D-86D8-419D-9E65-7860DCE493EB}"
EndProject
Project("{2150E333-8FDC-42A3-9474-1A3956D46DE8}") = "1 Einführung", "1 Einführung", "{E055123A-81C5-4FDB-A368-6FDA99D2B693}"
EndProject
Project("{FAE04EC0-301F-11D3-BF4B-00C04F79EFBC}") = "Rekursion", "Rekursion\Rekursion.csproj", "{D0A43314-F132-441A-B14B-5E735007DD84}"
EndProject
Project("{FAE04EC0-301F-11D3-BF4B-00C04F79EFBC}") = "2) CompanySearch", "CompanySearch\2) CompanySearch.csproj", "{D295CB71-49BE-4ED4-A720-E47285A991EA}"
EndProject
Project("{2150E333-8FDC-42A3-9474-1A3956D46DE8}") = "3.3 String-Algorithmen", "3.3 String-Algorithmen", "{037A7AB9-6DDD-48E4-945E-571841DE38F3}"
EndProject
Project("{FAE04EC0-301F-11D3-BF4B-00C04F79EFBC}") = "1) Soundex", "Soundex\1) Soundex.csproj", "{A2F84B4D-98D7-43E0-B310-45FA306F3566}"
EndProject
Project("{FAE04EC0-301F-11D3-BF4B-00C04F79EFBC}") = "2) ApproximateStringMatching", "ApproximateStringMatching\2) ApproximateStringMatching.csproj", "{9DF415C8-8DEE-433E-9F46-D2EE56459870}"
EndProject
Project("{FAE04EC0-301F-11D3-BF4B-00C04F79EFBC}") = "4) DublettenJaro", "DublettenJaro\4) DublettenJaro.csproj", "{DBE72F6F-3F6B-46CB-811A-91C4D8AD14D8}"
EndProject
Project("{FAE04EC0-301F-11D3-BF4B-00C04F79EFBC}") = "3) DublettenSoundex", "DublettenSoundex\3) DublettenSoundex.csproj", "{231203CA-845B-49EE-AFEB-FD5C862CC082}"
EndProject
Project("{FAE04EC0-301F-11D3-BF4B-00C04F79EFBC}") = "Aufgaben_List", "Aufgaben_List\Aufgaben_List.csproj", "{5B76E7D5-8B3C-4F3A-A8E6-4E747F23267E}"
EndProject
Project("{FAE04EC0-301F-11D3-BF4B-00C04F79EFBC}") = "Aufgaben_Queue", "Aufgaben_Queue\Aufgaben_Queue.csproj", "{E29A5432-331F-4ABC-8BCA-9BE63ADD6076}"
EndProject
Project("{2150E333-8FDC-42A3-9474-1A3956D46DE8}") = "2.7 Red-Black Tree", "2.7 Red-Black Tree", "{A9701FAF-1DA3-4FC4-8047-28D59798EF5A}"
EndProject
Project("{FAE04EC0-301F-11D3-BF4B-00C04F79EFBC}") = "1) RedBlackTree", "RedBlackTree\1) RedBlackTree.csproj", "{05370FFD-BAEB-4D57-96E7-E930DC318EF5}"
EndProject
Project("{FAE04EC0-301F-11D3-BF4B-00C04F79EFBC}") = "2) MusicDB", "MusicDB\2) MusicDB.csproj", "{8F862CB6-1EF2-4935-8AC1-211D3B06C346}"
EndProject
Project("{FAE04EC0-301F-11D3-BF4B-00C04F79EFBC}") = "5) MusicSearch", "MusicSearch\5) MusicSearch.csproj", "{ED2565E3-8B93-41DE-89A9-4E9DF800CEDB}"
EndProject
Project("{FAE04EC0-301F-11D3-BF4B-00C04F79EFBC}") = "5) ZIPSearch - Aufgabe 3", "ZIPSearch\5) ZIPSearch - Aufgabe 3.csproj", "{9D769686-8266-4791-8A1F-4D39719548E2}"
EndProject
Global
	GlobalSection(SolutionConfigurationPlatforms) = preSolution
		Debug|Any CPU = Debug|Any CPU
		Release|Any CPU = Release|Any CPU
	EndGlobalSection
	GlobalSection(ProjectConfigurationPlatforms) = postSolution
		{0FDCF6B4-8D19-4585-B637-074224B51119}.Debug|Any CPU.ActiveCfg = Debug|Any CPU
		{0FDCF6B4-8D19-4585-B637-074224B51119}.Debug|Any CPU.Build.0 = Debug|Any CPU
		{0FDCF6B4-8D19-4585-B637-074224B51119}.Release|Any CPU.ActiveCfg = Release|Any CPU
		{0FDCF6B4-8D19-4585-B637-074224B51119}.Release|Any CPU.Build.0 = Release|Any CPU
		{B4A928A1-F665-473F-B937-0D3DE24F7A02}.Debug|Any CPU.ActiveCfg = Debug|Any CPU
		{B4A928A1-F665-473F-B937-0D3DE24F7A02}.Debug|Any CPU.Build.0 = Debug|Any CPU
		{B4A928A1-F665-473F-B937-0D3DE24F7A02}.Release|Any CPU.ActiveCfg = Release|Any CPU
		{B4A928A1-F665-473F-B937-0D3DE24F7A02}.Release|Any CPU.Build.0 = Release|Any CPU
		{AAED7714-ED96-4B21-97BD-698BE72AAF51}.Debug|Any CPU.ActiveCfg = Debug|Any CPU
		{AAED7714-ED96-4B21-97BD-698BE72AAF51}.Debug|Any CPU.Build.0 = Debug|Any CPU
		{AAED7714-ED96-4B21-97BD-698BE72AAF51}.Release|Any CPU.ActiveCfg = Release|Any CPU
		{AAED7714-ED96-4B21-97BD-698BE72AAF51}.Release|Any CPU.Build.0 = Release|Any CPU
		{23D32EFF-C881-47E7-A4B3-C44CF4E0D86F}.Debug|Any CPU.ActiveCfg = Debug|Any CPU
		{23D32EFF-C881-47E7-A4B3-C44CF4E0D86F}.Debug|Any CPU.Build.0 = Debug|Any CPU
		{23D32EFF-C881-47E7-A4B3-C44CF4E0D86F}.Release|Any CPU.ActiveCfg = Release|Any CPU
		{23D32EFF-C881-47E7-A4B3-C44CF4E0D86F}.Release|Any CPU.Build.0 = Release|Any CPU
		{EA247159-5E29-4169-B5B3-08049337FE35}.Debug|Any CPU.ActiveCfg = Debug|Any CPU
		{EA247159-5E29-4169-B5B3-08049337FE35}.Debug|Any CPU.Build.0 = Debug|Any CPU
		{EA247159-5E29-4169-B5B3-08049337FE35}.Release|Any CPU.ActiveCfg = Release|Any CPU
		{EA247159-5E29-4169-B5B3-08049337FE35}.Release|Any CPU.Build.0 = Release|Any CPU
		{70FC2CCB-A0F6-4197-A914-98E1280C6FE2}.Debug|Any CPU.ActiveCfg = Debug|Any CPU
		{70FC2CCB-A0F6-4197-A914-98E1280C6FE2}.Debug|Any CPU.Build.0 = Debug|Any CPU
		{70FC2CCB-A0F6-4197-A914-98E1280C6FE2}.Release|Any CPU.ActiveCfg = Release|Any CPU
		{70FC2CCB-A0F6-4197-A914-98E1280C6FE2}.Release|Any CPU.Build.0 = Release|Any CPU
		{575DC8F1-AFB9-4085-92F5-B45884A9206B}.Debug|Any CPU.ActiveCfg = Debug|Any CPU
		{575DC8F1-AFB9-4085-92F5-B45884A9206B}.Debug|Any CPU.Build.0 = Debug|Any CPU
		{575DC8F1-AFB9-4085-92F5-B45884A9206B}.Release|Any CPU.ActiveCfg = Release|Any CPU
		{575DC8F1-AFB9-4085-92F5-B45884A9206B}.Release|Any CPU.Build.0 = Release|Any CPU
		{1E2566BC-F1A9-4D9B-977D-1D411352DDC1}.Debug|Any CPU.ActiveCfg = Debug|Any CPU
		{1E2566BC-F1A9-4D9B-977D-1D411352DDC1}.Debug|Any CPU.Build.0 = Debug|Any CPU
		{1E2566BC-F1A9-4D9B-977D-1D411352DDC1}.Release|Any CPU.ActiveCfg = Release|Any CPU
		{1E2566BC-F1A9-4D9B-977D-1D411352DDC1}.Release|Any CPU.Build.0 = Release|Any CPU
		{7FA70B6D-B97B-4B8A-B914-B123E5E88BA9}.Debug|Any CPU.ActiveCfg = Debug|Any CPU
		{7FA70B6D-B97B-4B8A-B914-B123E5E88BA9}.Debug|Any CPU.Build.0 = Debug|Any CPU
		{7FA70B6D-B97B-4B8A-B914-B123E5E88BA9}.Release|Any CPU.ActiveCfg = Release|Any CPU
		{7FA70B6D-B97B-4B8A-B914-B123E5E88BA9}.Release|Any CPU.Build.0 = Release|Any CPU
		{A8785349-B1B9-43FB-9703-8A8B816CABB5}.Debug|Any CPU.ActiveCfg = Debug|Any CPU
		{A8785349-B1B9-43FB-9703-8A8B816CABB5}.Debug|Any CPU.Build.0 = Debug|Any CPU
		{A8785349-B1B9-43FB-9703-8A8B816CABB5}.Release|Any CPU.ActiveCfg = Release|Any CPU
		{A8785349-B1B9-43FB-9703-8A8B816CABB5}.Release|Any CPU.Build.0 = Release|Any CPU
		{3C2042D6-22FC-449A-BD68-2612FE7620EB}.Debug|Any CPU.ActiveCfg = Debug|Any CPU
		{3C2042D6-22FC-449A-BD68-2612FE7620EB}.Debug|Any CPU.Build.0 = Debug|Any CPU
		{3C2042D6-22FC-449A-BD68-2612FE7620EB}.Release|Any CPU.ActiveCfg = Release|Any CPU
		{3C2042D6-22FC-449A-BD68-2612FE7620EB}.Release|Any CPU.Build.0 = Release|Any CPU
		{05D7C11A-A013-4CB3-9A23-ECF67D48086C}.Debug|Any CPU.ActiveCfg = Debug|Any CPU
		{05D7C11A-A013-4CB3-9A23-ECF67D48086C}.Debug|Any CPU.Build.0 = Debug|Any CPU
		{05D7C11A-A013-4CB3-9A23-ECF67D48086C}.Release|Any CPU.ActiveCfg = Release|Any CPU
		{05D7C11A-A013-4CB3-9A23-ECF67D48086C}.Release|Any CPU.Build.0 = Release|Any CPU
		{9F462D96-37FC-4E6F-B7A8-09011A9F5BB5}.Debug|Any CPU.ActiveCfg = Debug|Any CPU
		{9F462D96-37FC-4E6F-B7A8-09011A9F5BB5}.Debug|Any CPU.Build.0 = Debug|Any CPU
		{9F462D96-37FC-4E6F-B7A8-09011A9F5BB5}.Release|Any CPU.ActiveCfg = Release|Any CPU
		{9F462D96-37FC-4E6F-B7A8-09011A9F5BB5}.Release|Any CPU.Build.0 = Release|Any CPU
		{7DBCC758-3150-4D19-BAB5-A7F79779D795}.Debug|Any CPU.ActiveCfg = Debug|Any CPU
		{7DBCC758-3150-4D19-BAB5-A7F79779D795}.Debug|Any CPU.Build.0 = Debug|Any CPU
		{7DBCC758-3150-4D19-BAB5-A7F79779D795}.Release|Any CPU.ActiveCfg = Release|Any CPU
		{7DBCC758-3150-4D19-BAB5-A7F79779D795}.Release|Any CPU.Build.0 = Release|Any CPU
		{0C0A4EA5-935D-4FE9-AAB3-3BC47570ED18}.Debug|Any CPU.ActiveCfg = Debug|Any CPU
		{0C0A4EA5-935D-4FE9-AAB3-3BC47570ED18}.Debug|Any CPU.Build.0 = Debug|Any CPU
		{0C0A4EA5-935D-4FE9-AAB3-3BC47570ED18}.Release|Any CPU.ActiveCfg = Release|Any CPU
		{0C0A4EA5-935D-4FE9-AAB3-3BC47570ED18}.Release|Any CPU.Build.0 = Release|Any CPU
		{0D89E7B9-F60C-4AE5-8F17-FE1C5FA0D1C1}.Debug|Any CPU.ActiveCfg = Debug|Any CPU
		{0D89E7B9-F60C-4AE5-8F17-FE1C5FA0D1C1}.Debug|Any CPU.Build.0 = Debug|Any CPU
		{0D89E7B9-F60C-4AE5-8F17-FE1C5FA0D1C1}.Release|Any CPU.ActiveCfg = Release|Any CPU
		{0D89E7B9-F60C-4AE5-8F17-FE1C5FA0D1C1}.Release|Any CPU.Build.0 = Release|Any CPU
		{83C6C6C5-3E78-4790-87C2-2D38A5AAE13C}.Debug|Any CPU.ActiveCfg = Debug|Any CPU
		{83C6C6C5-3E78-4790-87C2-2D38A5AAE13C}.Debug|Any CPU.Build.0 = Debug|Any CPU
		{83C6C6C5-3E78-4790-87C2-2D38A5AAE13C}.Release|Any CPU.ActiveCfg = Release|Any CPU
		{83C6C6C5-3E78-4790-87C2-2D38A5AAE13C}.Release|Any CPU.Build.0 = Release|Any CPU
		{805D177C-4714-4A5E-8ACB-43B95D306EE2}.Debug|Any CPU.ActiveCfg = Debug|Any CPU
		{805D177C-4714-4A5E-8ACB-43B95D306EE2}.Debug|Any CPU.Build.0 = Debug|Any CPU
		{805D177C-4714-4A5E-8ACB-43B95D306EE2}.Release|Any CPU.ActiveCfg = Release|Any CPU
		{805D177C-4714-4A5E-8ACB-43B95D306EE2}.Release|Any CPU.Build.0 = Release|Any CPU
		{C99E2FAA-D5B8-4F30-B9BA-36C5DE4424B5}.Debug|Any CPU.ActiveCfg = Debug|Any CPU
		{C99E2FAA-D5B8-4F30-B9BA-36C5DE4424B5}.Debug|Any CPU.Build.0 = Debug|Any CPU
		{C99E2FAA-D5B8-4F30-B9BA-36C5DE4424B5}.Release|Any CPU.ActiveCfg = Release|Any CPU
		{C99E2FAA-D5B8-4F30-B9BA-36C5DE4424B5}.Release|Any CPU.Build.0 = Release|Any CPU
		{BC65AFCB-3806-45A6-9A10-88DB80D833A1}.Debug|Any CPU.ActiveCfg = Debug|Any CPU
		{BC65AFCB-3806-45A6-9A10-88DB80D833A1}.Debug|Any CPU.Build.0 = Debug|Any CPU
		{BC65AFCB-3806-45A6-9A10-88DB80D833A1}.Release|Any CPU.ActiveCfg = Release|Any CPU
		{BC65AFCB-3806-45A6-9A10-88DB80D833A1}.Release|Any CPU.Build.0 = Release|Any CPU
		{F5C01AEF-A4CC-417F-9B8C-3992DCB96B7C}.Debug|Any CPU.ActiveCfg = Debug|Any CPU
		{F5C01AEF-A4CC-417F-9B8C-3992DCB96B7C}.Debug|Any CPU.Build.0 = Debug|Any CPU
		{F5C01AEF-A4CC-417F-9B8C-3992DCB96B7C}.Release|Any CPU.ActiveCfg = Release|Any CPU
		{F5C01AEF-A4CC-417F-9B8C-3992DCB96B7C}.Release|Any CPU.Build.0 = Release|Any CPU
		{633276BB-7C15-4FEF-A78B-2BAB7136F33A}.Debug|Any CPU.ActiveCfg = Debug|Any CPU
		{633276BB-7C15-4FEF-A78B-2BAB7136F33A}.Debug|Any CPU.Build.0 = Debug|Any CPU
		{633276BB-7C15-4FEF-A78B-2BAB7136F33A}.Release|Any CPU.ActiveCfg = Release|Any CPU
		{633276BB-7C15-4FEF-A78B-2BAB7136F33A}.Release|Any CPU.Build.0 = Release|Any CPU
		{7BF4675D-86D8-419D-9E65-7860DCE493EB}.Debug|Any CPU.ActiveCfg = Debug|Any CPU
		{7BF4675D-86D8-419D-9E65-7860DCE493EB}.Debug|Any CPU.Build.0 = Debug|Any CPU
		{7BF4675D-86D8-419D-9E65-7860DCE493EB}.Release|Any CPU.ActiveCfg = Release|Any CPU
		{7BF4675D-86D8-419D-9E65-7860DCE493EB}.Release|Any CPU.Build.0 = Release|Any CPU
		{D0A43314-F132-441A-B14B-5E735007DD84}.Debug|Any CPU.ActiveCfg = Debug|Any CPU
		{D0A43314-F132-441A-B14B-5E735007DD84}.Debug|Any CPU.Build.0 = Debug|Any CPU
		{D0A43314-F132-441A-B14B-5E735007DD84}.Release|Any CPU.ActiveCfg = Release|Any CPU
		{D0A43314-F132-441A-B14B-5E735007DD84}.Release|Any CPU.Build.0 = Release|Any CPU
		{D295CB71-49BE-4ED4-A720-E47285A991EA}.Debug|Any CPU.ActiveCfg = Debug|Any CPU
		{D295CB71-49BE-4ED4-A720-E47285A991EA}.Debug|Any CPU.Build.0 = Debug|Any CPU
		{D295CB71-49BE-4ED4-A720-E47285A991EA}.Release|Any CPU.ActiveCfg = Release|Any CPU
		{D295CB71-49BE-4ED4-A720-E47285A991EA}.Release|Any CPU.Build.0 = Release|Any CPU
		{A2F84B4D-98D7-43E0-B310-45FA306F3566}.Debug|Any CPU.ActiveCfg = Debug|Any CPU
		{A2F84B4D-98D7-43E0-B310-45FA306F3566}.Debug|Any CPU.Build.0 = Debug|Any CPU
		{A2F84B4D-98D7-43E0-B310-45FA306F3566}.Release|Any CPU.ActiveCfg = Release|Any CPU
		{A2F84B4D-98D7-43E0-B310-45FA306F3566}.Release|Any CPU.Build.0 = Release|Any CPU
		{9DF415C8-8DEE-433E-9F46-D2EE56459870}.Debug|Any CPU.ActiveCfg = Debug|Any CPU
		{9DF415C8-8DEE-433E-9F46-D2EE56459870}.Debug|Any CPU.Build.0 = Debug|Any CPU
		{9DF415C8-8DEE-433E-9F46-D2EE56459870}.Release|Any CPU.ActiveCfg = Release|Any CPU
		{9DF415C8-8DEE-433E-9F46-D2EE56459870}.Release|Any CPU.Build.0 = Release|Any CPU
		{DBE72F6F-3F6B-46CB-811A-91C4D8AD14D8}.Debug|Any CPU.ActiveCfg = Debug|Any CPU
		{DBE72F6F-3F6B-46CB-811A-91C4D8AD14D8}.Debug|Any CPU.Build.0 = Debug|Any CPU
		{DBE72F6F-3F6B-46CB-811A-91C4D8AD14D8}.Release|Any CPU.ActiveCfg = Release|Any CPU
		{DBE72F6F-3F6B-46CB-811A-91C4D8AD14D8}.Release|Any CPU.Build.0 = Release|Any CPU
		{231203CA-845B-49EE-AFEB-FD5C862CC082}.Debug|Any CPU.ActiveCfg = Debug|Any CPU
		{231203CA-845B-49EE-AFEB-FD5C862CC082}.Debug|Any CPU.Build.0 = Debug|Any CPU
		{231203CA-845B-49EE-AFEB-FD5C862CC082}.Release|Any CPU.ActiveCfg = Release|Any CPU
		{231203CA-845B-49EE-AFEB-FD5C862CC082}.Release|Any CPU.Build.0 = Release|Any CPU
		{5B76E7D5-8B3C-4F3A-A8E6-4E747F23267E}.Debug|Any CPU.ActiveCfg = Debug|Any CPU
		{5B76E7D5-8B3C-4F3A-A8E6-4E747F23267E}.Debug|Any CPU.Build.0 = Debug|Any CPU
		{5B76E7D5-8B3C-4F3A-A8E6-4E747F23267E}.Release|Any CPU.ActiveCfg = Release|Any CPU
		{5B76E7D5-8B3C-4F3A-A8E6-4E747F23267E}.Release|Any CPU.Build.0 = Release|Any CPU
		{E29A5432-331F-4ABC-8BCA-9BE63ADD6076}.Debug|Any CPU.ActiveCfg = Debug|Any CPU
		{E29A5432-331F-4ABC-8BCA-9BE63ADD6076}.Debug|Any CPU.Build.0 = Debug|Any CPU
		{E29A5432-331F-4ABC-8BCA-9BE63ADD6076}.Release|Any CPU.ActiveCfg = Release|Any CPU
		{E29A5432-331F-4ABC-8BCA-9BE63ADD6076}.Release|Any CPU.Build.0 = Release|Any CPU
		{05370FFD-BAEB-4D57-96E7-E930DC318EF5}.Debug|Any CPU.ActiveCfg = Debug|Any CPU
		{05370FFD-BAEB-4D57-96E7-E930DC318EF5}.Debug|Any CPU.Build.0 = Debug|Any CPU
		{05370FFD-BAEB-4D57-96E7-E930DC318EF5}.Release|Any CPU.ActiveCfg = Release|Any CPU
		{05370FFD-BAEB-4D57-96E7-E930DC318EF5}.Release|Any CPU.Build.0 = Release|Any CPU
		{8F862CB6-1EF2-4935-8AC1-211D3B06C346}.Debug|Any CPU.ActiveCfg = Debug|Any CPU
		{8F862CB6-1EF2-4935-8AC1-211D3B06C346}.Debug|Any CPU.Build.0 = Debug|Any CPU
		{8F862CB6-1EF2-4935-8AC1-211D3B06C346}.Release|Any CPU.ActiveCfg = Release|Any CPU
		{8F862CB6-1EF2-4935-8AC1-211D3B06C346}.Release|Any CPU.Build.0 = Release|Any CPU
		{ED2565E3-8B93-41DE-89A9-4E9DF800CEDB}.Debug|Any CPU.ActiveCfg = Debug|Any CPU
		{ED2565E3-8B93-41DE-89A9-4E9DF800CEDB}.Debug|Any CPU.Build.0 = Debug|Any CPU
		{ED2565E3-8B93-41DE-89A9-4E9DF800CEDB}.Release|Any CPU.ActiveCfg = Release|Any CPU
		{ED2565E3-8B93-41DE-89A9-4E9DF800CEDB}.Release|Any CPU.Build.0 = Release|Any CPU
		{9D769686-8266-4791-8A1F-4D39719548E2}.Debug|Any CPU.ActiveCfg = Debug|Any CPU
		{9D769686-8266-4791-8A1F-4D39719548E2}.Debug|Any CPU.Build.0 = Debug|Any CPU
		{9D769686-8266-4791-8A1F-4D39719548E2}.Release|Any CPU.ActiveCfg = Release|Any CPU
		{9D769686-8266-4791-8A1F-4D39719548E2}.Release|Any CPU.Build.0 = Release|Any CPU
	EndGlobalSection
	GlobalSection(SolutionProperties) = preSolution
		HideSolutionNode = FALSE
	EndGlobalSection
	GlobalSection(NestedProjects) = preSolution
		{0FDCF6B4-8D19-4585-B637-074224B51119} = {0DB106A1-DE84-4204-B2A3-F5DF69FC065E}
		{B4A928A1-F665-473F-B937-0D3DE24F7A02} = {0DB106A1-DE84-4204-B2A3-F5DF69FC065E}
		{AAED7714-ED96-4B21-97BD-698BE72AAF51} = {0DB106A1-DE84-4204-B2A3-F5DF69FC065E}
		{0DB106A1-DE84-4204-B2A3-F5DF69FC065E} = {0BC0AA87-D31C-44A3-A6A7-E71F12CB277E}
		{23D32EFF-C881-47E7-A4B3-C44CF4E0D86F} = {0DB106A1-DE84-4204-B2A3-F5DF69FC065E}
		{EA247159-5E29-4169-B5B3-08049337FE35} = {0DB106A1-DE84-4204-B2A3-F5DF69FC065E}
		{70FC2CCB-A0F6-4197-A914-98E1280C6FE2} = {0DB106A1-DE84-4204-B2A3-F5DF69FC065E}
		{7C8D3700-4A72-4822-88EF-EDFFF8C00AC7} = {0BC0AA87-D31C-44A3-A6A7-E71F12CB277E}
		{575DC8F1-AFB9-4085-92F5-B45884A9206B} = {7C8D3700-4A72-4822-88EF-EDFFF8C00AC7}
		{1E2566BC-F1A9-4D9B-977D-1D411352DDC1} = {0DB106A1-DE84-4204-B2A3-F5DF69FC065E}
		{7FA70B6D-B97B-4B8A-B914-B123E5E88BA9} = {7C8D3700-4A72-4822-88EF-EDFFF8C00AC7}
		{A8785349-B1B9-43FB-9703-8A8B816CABB5} = {7C8D3700-4A72-4822-88EF-EDFFF8C00AC7}
		{64EF6E43-BEFE-4570-82E0-0C00EB29EE2D} = {0BC0AA87-D31C-44A3-A6A7-E71F12CB277E}
		{3C2042D6-22FC-449A-BD68-2612FE7620EB} = {64EF6E43-BEFE-4570-82E0-0C00EB29EE2D}
		{05D7C11A-A013-4CB3-9A23-ECF67D48086C} = {64EF6E43-BEFE-4570-82E0-0C00EB29EE2D}
		{DCEB028C-9273-46CE-8EBB-BD46F4CF4717} = {0BC0AA87-D31C-44A3-A6A7-E71F12CB277E}
		{9F462D96-37FC-4E6F-B7A8-09011A9F5BB5} = {DCEB028C-9273-46CE-8EBB-BD46F4CF4717}
		{7DBCC758-3150-4D19-BAB5-A7F79779D795} = {DCEB028C-9273-46CE-8EBB-BD46F4CF4717}
		{0C0A4EA5-935D-4FE9-AAB3-3BC47570ED18} = {DCEB028C-9273-46CE-8EBB-BD46F4CF4717}
		{FD8011EA-D7F7-4710-87BC-5891A52DCE38} = {0BC0AA87-D31C-44A3-A6A7-E71F12CB277E}
		{0D89E7B9-F60C-4AE5-8F17-FE1C5FA0D1C1} = {FD8011EA-D7F7-4710-87BC-5891A52DCE38}
		{83C6C6C5-3E78-4790-87C2-2D38A5AAE13C} = {FD8011EA-D7F7-4710-87BC-5891A52DCE38}
		{96E50C12-9E32-410D-9424-5BD02A662DE6} = {DE2BAD4E-DAED-4B99-839F-9E876CB091C6}
		{805D177C-4714-4A5E-8ACB-43B95D306EE2} = {96E50C12-9E32-410D-9424-5BD02A662DE6}
		{C99E2FAA-D5B8-4F30-B9BA-36C5DE4424B5} = {96E50C12-9E32-410D-9424-5BD02A662DE6}
		{64391E6F-65BC-4A65-93B9-2F0B381BEEA7} = {DE2BAD4E-DAED-4B99-839F-9E876CB091C6}
		{BC65AFCB-3806-45A6-9A10-88DB80D833A1} = {64391E6F-65BC-4A65-93B9-2F0B381BEEA7}
		{F5C01AEF-A4CC-417F-9B8C-3992DCB96B7C} = {64391E6F-65BC-4A65-93B9-2F0B381BEEA7}
		{633276BB-7C15-4FEF-A78B-2BAB7136F33A} = {7C8D3700-4A72-4822-88EF-EDFFF8C00AC7}
		{7BF4675D-86D8-419D-9E65-7860DCE493EB} = {DCEB028C-9273-46CE-8EBB-BD46F4CF4717}
		{D0A43314-F132-441A-B14B-5E735007DD84} = {E055123A-81C5-4FDB-A368-6FDA99D2B693}
		{D295CB71-49BE-4ED4-A720-E47285A991EA} = {FD8011EA-D7F7-4710-87BC-5891A52DCE38}
		{037A7AB9-6DDD-48E4-945E-571841DE38F3} = {DE2BAD4E-DAED-4B99-839F-9E876CB091C6}
		{A2F84B4D-98D7-43E0-B310-45FA306F3566} = {037A7AB9-6DDD-48E4-945E-571841DE38F3}
		{9DF415C8-8DEE-433E-9F46-D2EE56459870} = {037A7AB9-6DDD-48E4-945E-571841DE38F3}
		{DBE72F6F-3F6B-46CB-811A-91C4D8AD14D8} = {037A7AB9-6DDD-48E4-945E-571841DE38F3}
		{231203CA-845B-49EE-AFEB-FD5C862CC082} = {037A7AB9-6DDD-48E4-945E-571841DE38F3}
		{5B76E7D5-8B3C-4F3A-A8E6-4E747F23267E} = {0DB106A1-DE84-4204-B2A3-F5DF69FC065E}
		{E29A5432-331F-4ABC-8BCA-9BE63ADD6076} = {64EF6E43-BEFE-4570-82E0-0C00EB29EE2D}
		{A9701FAF-1DA3-4FC4-8047-28D59798EF5A} = {0BC0AA87-D31C-44A3-A6A7-E71F12CB277E}
		{05370FFD-BAEB-4D57-96E7-E930DC318EF5} = {A9701FAF-1DA3-4FC4-8047-28D59798EF5A}
		{8F862CB6-1EF2-4935-8AC1-211D3B06C346} = {A9701FAF-1DA3-4FC4-8047-28D59798EF5A}
		{ED2565E3-8B93-41DE-89A9-4E9DF800CEDB} = {037A7AB9-6DDD-48E4-945E-571841DE38F3}
		{9D769686-8266-4791-8A1F-4D39719548E2} = {DCEB028C-9273-46CE-8EBB-BD46F4CF4717}
	EndGlobalSection
	GlobalSection(ExtensibilityGlobals) = postSolution
		SolutionGuid = {68335E31-1679-4DC1-8363-E9439EDF4E5E}
	EndGlobalSection
EndGlobal
