
Microsoft Visual Studio Solution File, Format Version 12.00
# Visual Studio Version 17
VisualStudioVersion = 17.8.34330.188
MinimumVisualStudioVersion = 10.0.40219.1
Project("{FAE04EC0-301F-11D3-BF4B-00C04F79EFBC}") = "RsaSample", "RsaSample\RsaSample.csproj", "{6BC1A370-7A78-4504-BC1A-F87339F6837F}"
EndProject
Global
	GlobalSection(SolutionConfigurationPlatforms) = preSolution
		Debug|Any CPU = Debug|Any CPU
		Release|Any CPU = Release|Any CPU
	EndGlobalSection
	GlobalSection(ProjectConfigurationPlatforms) = postSolution
		{6BC1A370-7A78-4504-BC1A-F87339F6837F}.Debug|Any CPU.ActiveCfg = Debug|Any CPU
		{6BC1A370-7A78-4504-BC1A-F87339F6837F}.Debug|Any CPU.Build.0 = Debug|Any CPU
		{6BC1A370-7A78-4504-BC1A-F87339F6837F}.Release|Any CPU.ActiveCfg = Release|Any CPU
		{6BC1A370-7A78-4504-BC1A-F87339F6837F}.Release|Any CPU.Build.0 = Release|Any CPU
	EndGlobalSection
	GlobalSection(SolutionProperties) = preSolution
		HideSolutionNode = FALSE
	EndGlobalSection
	GlobalSection(ExtensibilityGlobals) = postSolution
		SolutionGuid = {6A08D2EA-62A4-41F8-8A65-DFFAF1E4BE96}
	EndGlobalSection
EndGlobal
