
Microsoft Visual Studio Solution File, Format Version 12.00
# Visual Studio 15
VisualStudioVersion = 15.0.27130.2003
MinimumVisualStudioVersion = 10.0.40219.1
Project("{FAE04EC0-301F-11D3-BF4B-00C04F79EFBC}") = "SchemaDemo", "SchemaDemo\SchemaDemo.csproj", "{0B54BF40-B597-42FC-B366-348DB6DDA84A}"
EndProject
Global
	GlobalSection(SolutionConfigurationPlatforms) = preSolution
		Debug|Any CPU = Debug|Any CPU
		Release|Any CPU = Release|Any CPU
	EndGlobalSection
	GlobalSection(ProjectConfigurationPlatforms) = postSolution
		{0B54BF40-B597-42FC-B366-348DB6DDA84A}.Debug|Any CPU.ActiveCfg = Debug|Any CPU
		{0B54BF40-B597-42FC-B366-348DB6DDA84A}.Debug|Any CPU.Build.0 = Debug|Any CPU
		{0B54BF40-B597-42FC-B366-348DB6DDA84A}.Release|Any CPU.ActiveCfg = Release|Any CPU
		{0B54BF40-B597-42FC-B366-348DB6DDA84A}.Release|Any CPU.Build.0 = Release|Any CPU
	EndGlobalSection
	GlobalSection(SolutionProperties) = preSolution
		HideSolutionNode = FALSE
	EndGlobalSection
	GlobalSection(ExtensibilityGlobals) = postSolution
		SolutionGuid = {4A8D0ABA-6471-47A5-9C4B-204C2844D442}
	EndGlobalSection
EndGlobal
